{
  "nodes": {
    "amethyst": {
      "inputs": {
        "nixpkgs": [
          "nixpkgs"
        ]
      },
      "locked": {
        "lastModified": 1672008421,
        "narHash": "sha256-38oWdajN4aZU2tZD7+HgVFn5qR9PnY55WWJgUs5fLTU=",
        "owner": "an-empty-string",
        "repo": "amethyst",
        "rev": "015ea5eaf7cfa2202c4d9d1a050cc0d5af0408d1",
        "type": "github"
      },
      "original": {
        "owner": "an-empty-string",
        "repo": "amethyst",
        "type": "github"
      }
    },
    "home-manager": {
      "inputs": {
        "nixpkgs": [
          "nixpkgs"
        ]
      },
      "locked": {
        "lastModified": 1739757849,
        "narHash": "sha256-Gs076ot1YuAAsYVcyidLKUMIc4ooOaRGO0PqTY7sBzA=",
        "owner": "nix-community",
        "repo": "home-manager",
        "rev": "9d3d080aec2a35e05a15cedd281c2384767c2cfe",
        "type": "github"
      },
      "original": {
        "owner": "nix-community",
        "ref": "release-24.11",
        "repo": "home-manager",
        "type": "github"
      }
    },
    "nixpkgs": {
      "locked": {
        "lastModified": 1740339700,
        "narHash": "sha256-cbrw7EgQhcdFnu6iS3vane53bEagZQy/xyIkDWpCgVE=",
        "owner": "nixos",
        "repo": "nixpkgs",
        "rev": "04ef94c4c1582fd485bbfdb8c4a8ba250e359195",
        "type": "github"
      },
      "original": {
        "owner": "nixos",
        "ref": "nixos-24.11",
        "repo": "nixpkgs",
        "type": "github"
      }
    },
    "root": {
      "inputs": {
        "amethyst": "amethyst",
        "home-manager": "home-manager",
        "nixpkgs": "nixpkgs",
        "sway-tris": "sway-tris",
        "unstable": "unstable"
      }
    },
    "sway-tris": {
      "inputs": {
        "nixpkgs": [
          "nixpkgs"
        ],
        "wlroots-tris": "wlroots-tris"
      },
      "locked": {
        "lastModified": 1742754292,
        "narHash": "sha256-nPqiOd4ZZJ1C+kGZagpnaA9fyddOYCHwba0inEG07gY=",
        "owner": "an-empty-string",
        "repo": "sway-hacks",
        "rev": "1c5b2d458e50da2d86ad40997acdbf94d35d8681",
        "type": "github"
      },
      "original": {
        "owner": "an-empty-string",
        "ref": "tris-patches",
        "repo": "sway-hacks",
        "type": "github"
      }
    },
    "unstable": {
      "locked": {
        "lastModified": 1740367490,
        "narHash": "sha256-WGaHVAjcrv+Cun7zPlI41SerRtfknGQap281+AakSAw=",
        "owner": "nixos",
        "repo": "nixpkgs",
        "rev": "0196c0175e9191c474c26ab5548db27ef5d34b05",
        "type": "github"
      },
      "original": {
        "owner": "nixos",
        "ref": "nixos-unstable",
        "repo": "nixpkgs",
        "type": "github"
      }
    },
    "wlroots-tris": {
      "inputs": {
        "nixpkgs": [
          "sway-tris",
          "nixpkgs"
        ]
      },
      "locked": {
        "lastModified": 1742754057,
        "narHash": "sha256-kavKxFBLMlxiT+RHTlvgIIKyf9Q38jXZymxq7x5VGro=",
        "owner": "an-empty-string",
        "repo": "wlroots-hacks",
        "rev": "5e1fd11c3938058ceb6bf224d9991539a49f14c2",
        "type": "github"
      },
      "original": {
        "owner": "an-empty-string",
        "ref": "tris-patches",
        "repo": "wlroots-hacks",
        "type": "github"
      }
    }
  },
  "root": "root",
  "version": 7
}
