{
  "nodes": {
    "home-manager": {
      "inputs": {
        "nixpkgs": [
          "nixpkgs"
        ]
      },
      "locked": {
        "lastModified": 1656169755,
        "narHash": "sha256-Nlnm4jeQWEGjYrE6hxi/7HYHjBSZ/E0RtjCYifnNsWk=",
        "owner": "nix-community",
        "repo": "home-manager",
        "rev": "4a3d01fb53f52ac83194081272795aa4612c2381",
        "type": "github"
      },
      "original": {
        "owner": "nix-community",
        "ref": "release-22.05",
        "repo": "home-manager",
        "type": "github"
      }
    },
    "nixpkgs": {
      "locked": {
        "lastModified": 1661700591,
        "narHash": "sha256-NZa+z+TJC+Hk+87+LKkjFFmBn4GyMVEPcWFXFU+aTkU=",
        "owner": "nixos",
        "repo": "nixpkgs",
        "rev": "16236dd7e33ba4579ccd3ca8349396b2f9c960fe",
        "type": "github"
      },
      "original": {
        "owner": "nixos",
        "ref": "nixos-22.05",
        "repo": "nixpkgs",
        "type": "github"
      }
    },
    "root": {
      "inputs": {
        "home-manager": "home-manager",
        "nixpkgs": "nixpkgs",
        "unstable": "unstable"
      }
    },
    "unstable": {
      "locked": {
        "lastModified": 1661628722,
        "narHash": "sha256-oR/7NhG7pPkACToUtaaT6hH+rONE2z5/4NzjoUwEZt8=",
        "owner": "nixos",
        "repo": "nixpkgs",
        "rev": "324c8aaf25b2f2027af7798e5582ce3040a793b6",
        "type": "github"
      },
      "original": {
        "owner": "nixos",
        "ref": "nixos-unstable",
        "repo": "nixpkgs",
        "type": "github"
      }
    }
  },
  "root": "root",
  "version": 7
}
